
Microsoft Visual Studio Solution File, Format Version 12.00
# Visual Studio Version 16
VisualStudioVersion = 16.0.31025.194
MinimumVisualStudioVersion = 10.0.40219.1
Project("{FAE04EC0-301F-11D3-BF4B-00C04F79EFBC}") = "Strategia", "Strategia.csproj", "{1A203126-AB1E-403F-A256-C7567412C629}"
EndProject
Global
	GlobalSection(SolutionConfigurationPlatforms) = preSolution
		Debug|Any CPU = Debug|Any CPU
		Release|Any CPU = Release|Any CPU
	EndGlobalSection
	GlobalSection(ProjectConfigurationPlatforms) = postSolution
		{1A203126-AB1E-403F-A256-C7567412C629}.Debug|Any CPU.ActiveCfg = Debug|Any CPU
		{1A203126-AB1E-403F-A256-C7567412C629}.Debug|Any CPU.Build.0 = Debug|Any CPU
		{1A203126-AB1E-403F-A256-C7567412C629}.Release|Any CPU.ActiveCfg = Release|Any CPU
		{1A203126-AB1E-403F-A256-C7567412C629}.Release|Any CPU.Build.0 = Release|Any CPU
	EndGlobalSection
	GlobalSection(SolutionProperties) = preSolution
		HideSolutionNode = FALSE
	EndGlobalSection
	GlobalSection(ExtensibilityGlobals) = postSolution
		SolutionGuid = {1ED96D47-B033-4EE0-B8D3-8F01B8955103}
	EndGlobalSection
EndGlobal
